github.com/assist-by/abmodule v0.0.2 h1:8tAZJSjdHFrCR/ULUh3NRNfT2CcfGUBNlTx4Iya6YBM=
github.com/assist-by/abmodule v0.0.2/go.mod h1:Iy6RU42JmL6vEx45KrswIeauhyOAtX12I8f3R7Bjo34=
github.com/assist-by/libStruct v0.1.18 h1:XlCD/1RflRwTDdVn9LzEZ5/xPKsuMirbisFJvwobipE=
github.com/assist-by/libStruct v0.1.18/go.mod h1:m2xSaOACiKibwSn3Hd9sPdJTm0V2Rpoa7/r5y91CbhM=
github.com/joho/godotenv v1.5.1 h1:7eLL/+HRGLY0ldzfGMeQkb7vMd0as4CfYvUVzLqw0N0=
github.com/joho/godotenv v1.5.1/go.mod h1:f4LDr5Voq0i2e/R5DDNOoa2zzDfwtkZa6DnEwAbqwq4=
